// !$*UTF8*$!
{
	archiveVersion = 1;
	classes = {
	};
	objectVersion = 46;
	objects = {

/* Begin PBXBuildFile section */
		F130B5911E3D581B001682D6 /* AppDelegate.swift in Sources */ = {isa = PBXBuildFile; fileRef = F130B5901E3D581B001682D6 /* AppDelegate.swift */; };
		F130B5931E3D581B001682D6 /* ViewController.swift in Sources */ = {isa = PBXBuildFile; fileRef = F130B5921E3D581B001682D6 /* ViewController.swift */; };
		F130B5961E3D581B001682D6 /* Main.storyboard in Resources */ = {isa = PBXBuildFile; fileRef = F130B5941E3D581B001682D6 /* Main.storyboard */; };
		F130B5991E3D581B001682D6 /* JustDoIt.xcdatamodeld in Sources */ = {isa = PBXBuildFile; fileRef = F130B5971E3D581B001682D6 /* JustDoIt.xcdatamodeld */; };
		F130B59B1E3D581B001682D6 /* Assets.xcassets in Resources */ = {isa = PBXBuildFile; fileRef = F130B59A1E3D581B001682D6 /* Assets.xcassets */; };
		F130B59E1E3D581B001682D6 /* LaunchScreen.storyboard in Resources */ = {isa = PBXBuildFile; fileRef = F130B59C1E3D581B001682D6 /* LaunchScreen.storyboard */; };
		F130B5A91E3D581B001682D6 /* JustDoItTests.swift in Sources */ = {isa = PBXBuildFile; fileRef = F130B5A81E3D581B001682D6 /* JustDoItTests.swift */; };
		F130B5B41E3D581B001682D6 /* JustDoItUITests.swift in Sources */ = {isa = PBXBuildFile; fileRef = F130B5B31E3D581B001682D6 /* JustDoItUITests.swift */; };
/* End PBXBuildFile section */

/* Begin PBXContainerItemProxy section */
		F130B5A51E3D581B001682D6 /* PBXContainerItemProxy */ = {
			isa = PBXContainerItemProxy;
			containerPortal = F130B5851E3D581B001682D6 /* Project object */;
			proxyType = 1;
			remoteGlobalIDString = F130B58C1E3D581B001682D6;
			remoteInfo = JustDoIt;
		};
		F130B5B01E3D581B001682D6 /* PBXContainerItemProxy */ = {
			isa = PBXContainerItemProxy;
			containerPortal = F130B5851E3D581B001682D6 /* Project object */;
			proxyType = 1;
			remoteGlobalIDString = F130B58C1E3D581B001682D6;
			remoteInfo = JustDoIt;
		};
/* End PBXContainerItemProxy section */

/* Begin PBXFileReference section */
		F130B58D1E3D581B001682D6 /* JustDoIt.app */ = {isa = PBXFileReference; explicitFileType = wrapper.application; includeInIndex = 0; path = JustDoIt.app; sourceTree = BUILT_PRODUCTS_DIR; };
		F130B5901E3D581B001682D6 /* AppDelegate.swift */ = {isa = PBXFileReference; lastKnownFileType = sourcecode.swift; path = AppDelegate.swift; sourceTree = "<group>"; };
		F130B5921E3D581B001682D6 /* ViewController.swift */ = {isa = PBXFileReference; lastKnownFileType = sourcecode.swift; path = ViewController.swift; sourceTree = "<group>"; };
		F130B5951E3D581B001682D6 /* Base */ = {isa = PBXFileReference; lastKnownFileType = file.storyboard; name = Base; path = Base.lproj/Main.storyboard; sourceTree = "<group>"; };
		F130B5981E3D581B001682D6 /* JustDoIt.xcdatamodel */ = {isa = PBXFileReference; lastKnownFileType = wrapper.xcdatamodel; path = JustDoIt.xcdatamodel; sourceTree = "<group>"; };
		F130B59A1E3D581B001682D6 /* Assets.xcassets */ = {isa = PBXFileReference; lastKnownFileType = folder.assetcatalog; path = Assets.xcassets; sourceTree = "<group>"; };
		F130B59D1E3D581B001682D6 /* Base */ = {isa = PBXFileReference; lastKnownFileType = file.storyboard; name = Base; path = Base.lproj/LaunchScreen.storyboard; sourceTree = "<group>"; };
		F130B59F1E3D581B001682D6 /* Info.plist */ = {isa = PBXFileReference; lastKnownFileType = text.plist.xml; path = Info.plist; sourceTree = "<group>"; };
		F130B5A41E3D581B001682D6 /* JustDoItTests.xctest */ = {isa = PBXFileReference; explicitFileType = wrapper.cfbundle; includeInIndex = 0; path = JustDoItTests.xctest; sourceTree = BUILT_PRODUCTS_DIR; };
		F130B5A81E3D581B001682D6 /* JustDoItTests.swift */ = {isa = PBXFileReference; lastKnownFileType = sourcecode.swift; path = JustDoItTests.swift; sourceTree = "<group>"; };
		F130B5AA1E3D581B001682D6 /* Info.plist */ = {isa = PBXFileReference; lastKnownFileType = text.plist.xml; path = Info.plist; sourceTree = "<group>"; };
		F130B5AF1E3D581B001682D6 /* JustDoItUITests.xctest */ = {isa = PBXFileReference; explicitFileType = wrapper.cfbundle; includeInIndex = 0; path = JustDoItUITests.xctest; sourceTree = BUILT_PRODUCTS_DIR; };
		F130B5B31E3D581B001682D6 /* JustDoItUITests.swift */ = {isa = PBXFileReference; lastKnownFileType = sourcecode.swift; path = JustDoItUITests.swift; sourceTree = "<group>"; };
		F130B5B51E3D581B001682D6 /* Info.plist */ = {isa = PBXFileReference; lastKnownFileType = text.plist.xml; path = Info.plist; sourceTree = "<group>"; };
/* End PBXFileReference section */

/* Begin PBXFrameworksBuildPhase section */
		F130B58A1E3D581B001682D6 /* Frameworks */ = {
			isa = PBXFrameworksBuildPhase;
			buildActionMask = 2147483647;
			files = (
			);
			runOnlyForDeploymentPostprocessing = 0;
		};
		F130B5A11E3D581B001682D6 /* Frameworks */ = {
			isa = PBXFrameworksBuildPhase;
			buildActionMask = 2147483647;
			files = (
			);
			runOnlyForDeploymentPostprocessing = 0;
		};
		F130B5AC1E3D581B001682D6 /* Frameworks */ = {
			isa = PBXFrameworksBuildPhase;
			buildActionMask = 2147483647;
			files = (
			);
			runOnlyForDeploymentPostprocessing = 0;
		};
/* End PBXFrameworksBuildPhase section */

/* Begin PBXGroup section */
		F130B5841E3D581B001682D6 = {
			isa = PBXGroup;
			children = (
				F130B58F1E3D581B001682D6 /* JustDoIt */,
				F130B5A71E3D581B001682D6 /* JustDoItTests */,
				F130B5B21E3D581B001682D6 /* JustDoItUITests */,
				F130B58E1E3D581B001682D6 /* Products */,
			);
			sourceTree = "<group>";
		};
		F130B58E1E3D581B001682D6 /* Products */ = {
			isa = PBXGroup;
			children = (
				F130B58D1E3D581B001682D6 /* JustDoIt.app */,
				F130B5A41E3D581B001682D6 /* JustDoItTests.xctest */,
				F130B5AF1E3D581B001682D6 /* JustDoItUITests.xctest */,
			);
			name = Products;
			sourceTree = "<group>";
		};
		F130B58F1E3D581B001682D6 /* JustDoIt */ = {
			isa = PBXGroup;
			children = (
				F130B5901E3D581B001682D6 /* AppDelegate.swift */,
				F130B5921E3D581B001682D6 /* ViewController.swift */,
				F130B5941E3D581B001682D6 /* Main.storyboard */,
				F130B59A1E3D581B001682D6 /* Assets.xcassets */,
				F130B59C1E3D581B001682D6 /* LaunchScreen.storyboard */,
				F130B59F1E3D581B001682D6 /* Info.plist */,
				F130B5971E3D581B001682D6 /* JustDoIt.xcdatamodeld */,
			);
			path = JustDoIt;
			sourceTree = "<group>";
		};
		F130B5A71E3D581B001682D6 /* JustDoItTests */ = {
			isa = PBXGroup;
			children = (
				F130B5A81E3D581B001682D6 /* JustDoItTests.swift */,
				F130B5AA1E3D581B001682D6 /* Info.plist */,
			);
			path = JustDoItTests;
			sourceTree = "<group>";
		};
		F130B5B21E3D581B001682D6 /* JustDoItUITests */ = {
			isa = PBXGroup;
			children = (
				F130B5B31E3D581B001682D6 /* JustDoItUITests.swift */,
				F130B5B51E3D581B001682D6 /* Info.plist */,
			);
			path = JustDoItUITests;
			sourceTree = "<group>";
		};
/* End PBXGroup section */

/* Begin PBXNativeTarget section */
		F130B58C1E3D581B001682D6 /* JustDoIt */ = {
			isa = PBXNativeTarget;
			buildConfigurationList = F130B5B81E3D581B001682D6 /* Build configuration list for PBXNativeTarget "JustDoIt" */;
			buildPhases = (
				F130B5891E3D581B001682D6 /* Sources */,
				F130B58A1E3D581B001682D6 /* Frameworks */,
				F130B58B1E3D581B001682D6 /* Resources */,
			);
			buildRules = (
			);
			dependencies = (
			);
			name = JustDoIt;
			productName = JustDoIt;
			productReference = F130B58D1E3D581B001682D6 /* JustDoIt.app */;
			productType = "com.apple.product-type.application";
		};
		F130B5A31E3D581B001682D6 /* JustDoItTests */ = {
			isa = PBXNativeTarget;
			buildConfigurationList = F130B5BB1E3D581B001682D6 /* Build configuration list for PBXNativeTarget "JustDoItTests" */;
			buildPhases = (
				F130B5A01E3D581B001682D6 /* Sources */,
				F130B5A11E3D581B001682D6 /* Frameworks */,
				F130B5A21E3D581B001682D6 /* Resources */,
			);
			buildRules = (
			);
			dependencies = (
				F130B5A61E3D581B001682D6 /* PBXTargetDependency */,
			);
			name = JustDoItTests;
			productName = JustDoItTests;
			productReference = F130B5A41E3D581B001682D6 /* JustDoItTests.xctest */;
			productType = "com.apple.product-type.bundle.unit-test";
		};
		F130B5AE1E3D581B001682D6 /* JustDoItUITests */ = {
			isa = PBXNativeTarget;
			buildConfigurationList = F130B5BE1E3D581B001682D6 /* Build configuration list for PBXNativeTarget "JustDoItUITests" */;
			buildPhases = (
				F130B5AB1E3D581B001682D6 /* Sources */,
				F130B5AC1E3D581B001682D6 /* Frameworks */,
				F130B5AD1E3D581B001682D6 /* Resources */,
			);
			buildRules = (
			);
			dependencies = (
				F130B5B11E3D581B001682D6 /* PBXTargetDependency */,
			);
			name = JustDoItUITests;
			productName = JustDoItUITests;
			productReference = F130B5AF1E3D581B001682D6 /* JustDoItUITests.xctest */;
			productType = "com.apple.product-type.bundle.ui-testing";
		};
/* End PBXNativeTarget section */

/* Begin PBXProject section */
		F130B5851E3D581B001682D6 /* Project object */ = {
			isa = PBXProject;
			attributes = {
				LastSwiftUpdateCheck = 0820;
				LastUpgradeCheck = 0820;
				ORGANIZATIONNAME = shash;
				TargetAttributes = {
					F130B58C1E3D581B001682D6 = {
						CreatedOnToolsVersion = 8.2.1;
						ProvisioningStyle = Automatic;
					};
					F130B5A31E3D581B001682D6 = {
						CreatedOnToolsVersion = 8.2.1;
						ProvisioningStyle = Automatic;
						TestTargetID = F130B58C1E3D581B001682D6;
					};
					F130B5AE1E3D581B001682D6 = {
						CreatedOnToolsVersion = 8.2.1;
						ProvisioningStyle = Automatic;
						TestTargetID = F130B58C1E3D581B001682D6;
					};
				};
			};
			buildConfigurationList = F130B5881E3D581B001682D6 /* Build configuration list for PBXProject "JustDoIt" */;
			compatibilityVersion = "Xcode 3.2";
			developmentRegion = English;
			hasScannedForEncodings = 0;
			knownRegions = (
				en,
				Base,
			);
			mainGroup = F130B5841E3D581B001682D6;
			productRefGroup = F130B58E1E3D581B001682D6 /* Products */;
			projectDirPath = "";
			projectRoot = "";
			targets = (
				F130B58C1E3D581B001682D6 /* JustDoIt */,
				F130B5A31E3D581B001682D6 /* JustDoItTests */,
				F130B5AE1E3D581B001682D6 /* JustDoItUITests */,
			);
		};
/* End PBXProject section */

/* Begin PBXResourcesBuildPhase section */
		F130B58B1E3D581B001682D6 /* Resources */ = {
			isa = PBXResourcesBuildPhase;
			buildActionMask = 2147483647;
			files = (
				F130B59E1E3D581B001682D6 /* LaunchScreen.storyboard in Resources */,
				F130B59B1E3D581B001682D6 /* Assets.xcassets in Resources */,
				F130B5961E3D581B001682D6 /* Main.storyboard in Resources */,
			);
			runOnlyForDeploymentPostprocessing = 0;
		};
		F130B5A21E3D581B001682D6 /* Resources */ = {
			isa = PBXResourcesBuildPhase;
			buildActionMask = 2147483647;
			files = (
			);
			runOnlyForDeploymentPostprocessing = 0;
		};
		F130B5AD1E3D581B001682D6 /* Resources */ = {
			isa = PBXResourcesBuildPhase;
			buildActionMask = 2147483647;
			files = (
			);
			runOnlyForDeploymentPostprocessing = 0;
		};
/* End PBXResourcesBuildPhase section */

/* Begin PBXSourcesBuildPhase section */
		F130B5891E3D581B001682D6 /* Sources */ = {
			isa = PBXSourcesBuildPhase;
			buildActionMask = 2147483647;
			files = (
				F130B5991E3D581B001682D6 /* JustDoIt.xcdatamodeld in Sources */,
				F130B5931E3D581B001682D6 /* ViewController.swift in Sources */,
				F130B5911E3D581B001682D6 /* AppDelegate.swift in Sources */,
			);
			runOnlyForDeploymentPostprocessing = 0;
		};
		F130B5A01E3D581B001682D6 /* Sources */ = {
			isa = PBXSourcesBuildPhase;
			buildActionMask = 2147483647;
			files = (
				F130B5A91E3D581B001682D6 /* JustDoItTests.swift in Sources */,
			);
			runOnlyForDeploymentPostprocessing = 0;
		};
		F130B5AB1E3D581B001682D6 /* Sources */ = {
			isa = PBXSourcesBuildPhase;
			buildActionMask = 2147483647;
			files = (
				F130B5B41E3D581B001682D6 /* JustDoItUITests.swift in Sources */,
			);
			runOnlyForDeploymentPostprocessing = 0;
		};
/* End PBXSourcesBuildPhase section */

/* Begin PBXTargetDependency section */
		F130B5A61E3D581B001682D6 /* PBXTargetDependency */ = {
			isa = PBXTargetDependency;
			target = F130B58C1E3D581B001682D6 /* JustDoIt */;
			targetProxy = F130B5A51E3D581B001682D6 /* PBXContainerItemProxy */;
		};
		F130B5B11E3D581B001682D6 /* PBXTargetDependency */ = {
			isa = PBXTargetDependency;
			target = F130B58C1E3D581B001682D6 /* JustDoIt */;
			targetProxy = F130B5B01E3D581B001682D6 /* PBXContainerItemProxy */;
		};
/* End PBXTargetDependency section */

/* Begin PBXVariantGroup section */
		F130B5941E3D581B001682D6 /* Main.storyboard */ = {
			isa = PBXVariantGroup;
			children = (
				F130B5951E3D581B001682D6 /* Base */,
			);
			name = Main.storyboard;
			sourceTree = "<group>";
		};
		F130B59C1E3D581B001682D6 /* LaunchScreen.storyboard */ = {
			isa = PBXVariantGroup;
			children = (
				F130B59D1E3D581B001682D6 /* Base */,
			);
			name = LaunchScreen.storyboard;
			sourceTree = "<group>";
		};
/* End PBXVariantGroup section */

/* Begin XCBuildConfiguration section */
		F130B5B61E3D581B001682D6 /* Debug */ = {
			isa = XCBuildConfiguration;
			buildSettings = {
				ALWAYS_SEARCH_USER_PATHS = NO;
				CLANG_ANALYZER_NONNULL = YES;
				CLANG_CXX_LANGUAGE_STANDARD = "gnu++0x";
				CLANG_CXX_LIBRARY = "libc++";
				CLANG_ENABLE_MODULES = YES;
				CLANG_ENABLE_OBJC_ARC = YES;
				CLANG_WARN_BOOL_CONVERSION = YES;
				CLANG_WARN_CONSTANT_CONVERSION = YES;
				CLANG_WARN_DIRECT_OBJC_ISA_USAGE = YES_ERROR;
				CLANG_WARN_DOCUMENTATION_COMMENTS = YES;
				CLANG_WARN_EMPTY_BODY = YES;
				CLANG_WARN_ENUM_CONVERSION = YES;
				CLANG_WARN_INFINITE_RECURSION = YES;
				CLANG_WARN_INT_CONVERSION = YES;
				CLANG_WARN_OBJC_ROOT_CLASS = YES_ERROR;
				CLANG_WARN_SUSPICIOUS_MOVE = YES;
				CLANG_WARN_UNREACHABLE_CODE = YES;
				CLANG_WARN__DUPLICATE_METHOD_MATCH = YES;
				"CODE_SIGN_IDENTITY[sdk=iphoneos*]" = "iPhone Developer";
				COPY_PHASE_STRIP = NO;
				DEBUG_INFORMATION_FORMAT = dwarf;
				ENABLE_STRICT_OBJC_MSGSEND = YES;
				ENABLE_TESTABILITY = YES;
				GCC_C_LANGUAGE_STANDARD = gnu99;
				GCC_DYNAMIC_NO_PIC = NO;
				GCC_NO_COMMON_BLOCKS = YES;
				GCC_OPTIMIZATION_LEVEL = 0;
				GCC_PREPROCESSOR_DEFINITIONS = (
					"DEBUG=1",
					"$(inherited)",
				);
				GCC_WARN_64_TO_32_BIT_CONVERSION = YES;
				GCC_WARN_ABOUT_RETURN_TYPE = YES_ERROR;
				GCC_WARN_UNDECLARED_SELECTOR = YES;
				GCC_WARN_UNINITIALIZED_AUTOS = YES_AGGRESSIVE;
				GCC_WARN_UNUSED_FUNCTION = YES;
				GCC_WARN_UNUSED_VARIABLE = YES;
				IPHONEOS_DEPLOYMENT_TARGET = 10.2;
				MTL_ENABLE_DEBUG_INFO = YES;
				ONLY_ACTIVE_ARCH = YES;
				SDKROOT = iphoneos;
				SWIFT_ACTIVE_COMPILATION_CONDITIONS = DEBUG;
				SWIFT_OPTIMIZATION_LEVEL = "-Onone";
				TARGETED_DEVICE_FAMILY = "1,2";
			};
			name = Debug;
		};
		F130B5B71E3D581B001682D6 /* Release */ = {
			isa = XCBuildConfiguration;
			buildSettings = {
				ALWAYS_SEARCH_USER_PATHS = NO;
				CLANG_ANALYZER_NONNULL = YES;
				CLANG_CXX_LANGUAGE_STANDARD = "gnu++0x";
				CLANG_CXX_LIBRARY = "libc++";
				CLANG_ENABLE_MODULES = YES;
				CLANG_ENABLE_OBJC_ARC = YES;
				CLANG_WARN_BOOL_CONVERSION = YES;
				CLANG_WARN_CONSTANT_CONVERSION = YES;
				CLANG_WARN_DIRECT_OBJC_ISA_USAGE = YES_ERROR;
				CLANG_WARN_DOCUMENTATION_COMMENTS = YES;
				CLANG_WARN_EMPTY_BODY = YES;
				CLANG_WARN_ENUM_CONVERSION = YES;
				CLANG_WARN_INFINITE_RECURSION = YES;
				CLANG_WARN_INT_CONVERSION = YES;
				CLANG_WARN_OBJC_ROOT_CLASS = YES_ERROR;
				CLANG_WARN_SUSPICIOUS_MOVE = YES;
				CLANG_WARN_UNREACHABLE_CODE = YES;
				CLANG_WARN__DUPLICATE_METHOD_MATCH = YES;
				"CODE_SIGN_IDENTITY[sdk=iphoneos*]" = "iPhone Developer";
				COPY_PHASE_STRIP = NO;
				DEBUG_INFORMATION_FORMAT = "dwarf-with-dsym";
				ENABLE_NS_ASSERTIONS = NO;
				ENABLE_STRICT_OBJC_MSGSEND = YES;
				GCC_C_LANGUAGE_STANDARD = gnu99;
				GCC_NO_COMMON_BLOCKS = YES;
				GCC_WARN_64_TO_32_BIT_CONVERSION = YES;
				GCC_WARN_ABOUT_RETURN_TYPE = YES_ERROR;
				GCC_WARN_UNDECLARED_SELECTOR = YES;
				GCC_WARN_UNINITIALIZED_AUTOS = YES_AGGRESSIVE;
				GCC_WARN_UNUSED_FUNCTION = YES;
				GCC_WARN_UNUSED_VARIABLE = YES;
				IPHONEOS_DEPLOYMENT_TARGET = 10.2;
				MTL_ENABLE_DEBUG_INFO = NO;
				SDKROOT = iphoneos;
				SWIFT_OPTIMIZATION_LEVEL = "-Owholemodule";
				TARGETED_DEVICE_FAMILY = "1,2";
				VALIDATE_PRODUCT = YES;
			};
			name = Release;
		};
		F130B5B91E3D581B001682D6 /* Debug */ = {
			isa = XCBuildConfiguration;
			buildSettings = {
				ASSETCATALOG_COMPILER_APPICON_NAME = AppIcon;
				INFOPLIST_FILE = JustDoIt/Info.plist;
				LD_RUNPATH_SEARCH_PATHS = "$(inherited) @executable_path/Frameworks";
				PRODUCT_BUNDLE_IDENTIFIER = shash.App2.JustDoIt;
				PRODUCT_NAME = "$(TARGET_NAME)";
				SWIFT_VERSION = 3.0;
			};
			name = Debug;
		};
		F130B5BA1E3D581B001682D6 /* Release */ = {
			isa = XCBuildConfiguration;
			buildSettings = {
				ASSETCATALOG_COMPILER_APPICON_NAME = AppIcon;
				INFOPLIST_FILE = JustDoIt/Info.plist;
				LD_RUNPATH_SEARCH_PATHS = "$(inherited) @executable_path/Frameworks";
				PRODUCT_BUNDLE_IDENTIFIER = shash.App2.JustDoIt;
				PRODUCT_NAME = "$(TARGET_NAME)";
				SWIFT_VERSION = 3.0;
			};
			name = Release;
		};
		F130B5BC1E3D581B001682D6 /* Debug */ = {
			isa = XCBuildConfiguration;
			buildSettings = {
				ALWAYS_EMBED_SWIFT_STANDARD_LIBRARIES = YES;
				BUNDLE_LOADER = "$(TEST_HOST)";
				INFOPLIST_FILE = JustDoItTests/Info.plist;
				LD_RUNPATH_SEARCH_PATHS = "$(inherited) @executable_path/Frameworks @loader_path/Frameworks";
				PRODUCT_BUNDLE_IDENTIFIER = shash.App2.JustDoItTests;
				PRODUCT_NAME = "$(TARGET_NAME)";
				SWIFT_VERSION = 3.0;
				TEST_HOST = "$(BUILT_PRODUCTS_DIR)/JustDoIt.app/JustDoIt";
			};
			name = Debug;
		};
		F130B5BD1E3D581B001682D6 /* Release */ = {
			isa = XCBuildConfiguration;
			buildSettings = {
				ALWAYS_EMBED_SWIFT_STANDARD_LIBRARIES = YES;
				BUNDLE_LOADER = "$(TEST_HOST)";
				INFOPLIST_FILE = JustDoItTests/Info.plist;
				LD_RUNPATH_SEARCH_PATHS = "$(inherited) @executable_path/Frameworks @loader_path/Frameworks";
				PRODUCT_BUNDLE_IDENTIFIER = shash.App2.JustDoItTests;
				PRODUCT_NAME = "$(TARGET_NAME)";
				SWIFT_VERSION = 3.0;
				TEST_HOST = "$(BUILT_PRODUCTS_DIR)/JustDoIt.app/JustDoIt";
			};
			name = Release;
		};
		F130B5BF1E3D581B001682D6 /* Debug */ = {
			isa = XCBuildConfiguration;
			buildSettings = {
				ALWAYS_EMBED_SWIFT_STANDARD_LIBRARIES = YES;
				INFOPLIST_FILE = JustDoItUITests/Info.plist;
				LD_RUNPATH_SEARCH_PATHS = "$(inherited) @executable_path/Frameworks @loader_path/Frameworks";
				PRODUCT_BUNDLE_IDENTIFIER = shash.App2.JustDoItUITests;
				PRODUCT_NAME = "$(TARGET_NAME)";
				SWIFT_VERSION = 3.0;
				TEST_TARGET_NAME = JustDoIt;
			};
			name = Debug;
		};
		F130B5C01E3D581B001682D6 /* Release */ = {
			isa = XCBuildConfiguration;
			buildSettings = {
				ALWAYS_EMBED_SWIFT_STANDARD_LIBRARIES = YES;
				INFOPLIST_FILE = JustDoItUITests/Info.plist;
				LD_RUNPATH_SEARCH_PATHS = "$(inherited) @executable_path/Frameworks @loader_path/Frameworks";
				PRODUCT_BUNDLE_IDENTIFIER = shash.App2.JustDoItUITests;
				PRODUCT_NAME = "$(TARGET_NAME)";
				SWIFT_VERSION = 3.0;
				TEST_TARGET_NAME = JustDoIt;
			};
			name = Release;
		};
/* End XCBuildConfiguration section */

/* Begin XCConfigurationList section */
		F130B5881E3D581B001682D6 /* Build configuration list for PBXProject "JustDoIt" */ = {
			isa = XCConfigurationList;
			buildConfigurations = (
				F130B5B61E3D581B001682D6 /* Debug */,
				F130B5B71E3D581B001682D6 /* Release */,
			);
			defaultConfigurationIsVisible = 0;
			defaultConfigurationName = Release;
		};
		F130B5B81E3D581B001682D6 /* Build configuration list for PBXNativeTarget "JustDoIt" */ = {
			isa = XCConfigurationList;
			buildConfigurations = (
				F130B5B91E3D581B001682D6 /* Debug */,
				F130B5BA1E3D581B001682D6 /* Release */,
			);
			defaultConfigurationIsVisible = 0;
		};
		F130B5BB1E3D581B001682D6 /* Build configuration list for PBXNativeTarget "JustDoItTests" */ = {
			isa = XCConfigurationList;
			buildConfigurations = (
				F130B5BC1E3D581B001682D6 /* Debug */,
				F130B5BD1E3D581B001682D6 /* Release */,
			);
			defaultConfigurationIsVisible = 0;
		};
		F130B5BE1E3D581B001682D6 /* Build configuration list for PBXNativeTarget "JustDoItUITests" */ = {
			isa = XCConfigurationList;
			buildConfigurations = (
				F130B5BF1E3D581B001682D6 /* Debug */,
				F130B5C01E3D581B001682D6 /* Release */,
			);
			defaultConfigurationIsVisible = 0;
		};
/* End XCConfigurationList section */

/* Begin XCVersionGroup section */
		F130B5971E3D581B001682D6 /* JustDoIt.xcdatamodeld */ = {
			isa = XCVersionGroup;
			children = (
				F130B5981E3D581B001682D6 /* JustDoIt.xcdatamodel */,
			);
			currentVersion = F130B5981E3D581B001682D6 /* JustDoIt.xcdatamodel */;
			path = JustDoIt.xcdatamodeld;
			sourceTree = "<group>";
			versionGroupType = wrapper.xcdatamodel;
		};
/* End XCVersionGroup section */
	};
	rootObject = F130B5851E3D581B001682D6 /* Project object */;
}
